// !$*UTF8*$!
{
	archiveVersion = 1;
	classes = {
	};
	objectVersion = 50;
	objects = {

/* Begin PBXBuildFile section */
		764E09D18B19B456609D4130 /* Pods_DQObjectCMaster.framework in Frameworks */ = {isa = PBXBuildFile; fileRef = 96F32B06F9F48552A62F575F /* Pods_DQObjectCMaster.framework */; };
		EE543FF221C8CEC8000C5EE3 /* AppDelegate.m in Sources */ = {isa = PBXBuildFile; fileRef = EE543FF121C8CEC8000C5EE3 /* AppDelegate.m */; };
		EE543FF521C8CEC8000C5EE3 /* ViewController.m in Sources */ = {isa = PBXBuildFile; fileRef = EE543FF421C8CEC8000C5EE3 /* ViewController.m */; };
		EE543FF821C8CEC8000C5EE3 /* Main.storyboard in Resources */ = {isa = PBXBuildFile; fileRef = EE543FF621C8CEC8000C5EE3 /* Main.storyboard */; };
		EE543FFA21C8CEC9000C5EE3 /* Assets.xcassets in Resources */ = {isa = PBXBuildFile; fileRef = EE543FF921C8CEC9000C5EE3 /* Assets.xcassets */; };
		EE543FFD21C8CEC9000C5EE3 /* LaunchScreen.storyboard in Resources */ = {isa = PBXBuildFile; fileRef = EE543FFB21C8CEC9000C5EE3 /* LaunchScreen.storyboard */; };
		EE54400021C8CEC9000C5EE3 /* main.m in Sources */ = {isa = PBXBuildFile; fileRef = EE543FFF21C8CEC9000C5EE3 /* main.m */; };
		EEAD5C2021D756D900FC36CF /* Template.cpp in Sources */ = {isa = PBXBuildFile; fileRef = EEAD5C1F21D756D900FC36CF /* Template.cpp */; };
		EEB501E321FADAF200D79B63 /* Person.m in Sources */ = {isa = PBXBuildFile; fileRef = EEB501E221FADAF200D79B63 /* Person.m */; };
		EEB501E721FADEE900D79B63 /* Macro.m in Sources */ = {isa = PBXBuildFile; fileRef = EEB501E621FADEE900D79B63 /* Macro.m */; };
		EEBD880E2213B74C00B8E930 /* Sort.c in Sources */ = {isa = PBXBuildFile; fileRef = EEBD880D2213B74C00B8E930 /* Sort.c */; };
		EEFCE46E21FE924A00F70589 /* DQListNode.m in Sources */ = {isa = PBXBuildFile; fileRef = EEFCE46D21FE924A00F70589 /* DQListNode.m */; };
		EEFCE47121FE92A700F70589 /* DQLinkList.m in Sources */ = {isa = PBXBuildFile; fileRef = EEFCE47021FE92A700F70589 /* DQLinkList.m */; };
		EEFCE47521FE99C400F70589 /* DQStack.m in Sources */ = {isa = PBXBuildFile; fileRef = EEFCE47421FE99C400F70589 /* DQStack.m */; };
		EEFCE47B21FE9ECE00F70589 /* DQBtree.c in Sources */ = {isa = PBXBuildFile; fileRef = EEFCE47921FE9ECE00F70589 /* DQBtree.c */; };
/* End PBXBuildFile section */

/* Begin PBXFileReference section */
		96F32B06F9F48552A62F575F /* Pods_DQObjectCMaster.framework */ = {isa = PBXFileReference; explicitFileType = wrapper.framework; includeInIndex = 0; path = Pods_DQObjectCMaster.framework; sourceTree = BUILT_PRODUCTS_DIR; };
		ED0FA514A915519ADD2AF49C /* Pods-DQObjectCMaster.release.xcconfig */ = {isa = PBXFileReference; includeInIndex = 1; lastKnownFileType = text.xcconfig; name = "Pods-DQObjectCMaster.release.xcconfig"; path = "Pods/Target Support Files/Pods-DQObjectCMaster/Pods-DQObjectCMaster.release.xcconfig"; sourceTree = "<group>"; };
		EE543FED21C8CEC8000C5EE3 /* DQObjectCMaster.app */ = {isa = PBXFileReference; explicitFileType = wrapper.application; includeInIndex = 0; path = DQObjectCMaster.app; sourceTree = BUILT_PRODUCTS_DIR; };
		EE543FF021C8CEC8000C5EE3 /* AppDelegate.h */ = {isa = PBXFileReference; lastKnownFileType = sourcecode.c.h; path = AppDelegate.h; sourceTree = "<group>"; };
		EE543FF121C8CEC8000C5EE3 /* AppDelegate.m */ = {isa = PBXFileReference; lastKnownFileType = sourcecode.c.objc; path = AppDelegate.m; sourceTree = "<group>"; };
		EE543FF321C8CEC8000C5EE3 /* ViewController.h */ = {isa = PBXFileReference; lastKnownFileType = sourcecode.c.h; path = ViewController.h; sourceTree = "<group>"; };
		EE543FF421C8CEC8000C5EE3 /* ViewController.m */ = {isa = PBXFileReference; lastKnownFileType = sourcecode.c.objc; path = ViewController.m; sourceTree = "<group>"; };
		EE543FF721C8CEC8000C5EE3 /* Base */ = {isa = PBXFileReference; lastKnownFileType = file.storyboard; name = Base; path = Base.lproj/Main.storyboard; sourceTree = "<group>"; };
		EE543FF921C8CEC9000C5EE3 /* Assets.xcassets */ = {isa = PBXFileReference; lastKnownFileType = folder.assetcatalog; path = Assets.xcassets; sourceTree = "<group>"; };
		EE543FFC21C8CEC9000C5EE3 /* Base */ = {isa = PBXFileReference; lastKnownFileType = file.storyboard; name = Base; path = Base.lproj/LaunchScreen.storyboard; sourceTree = "<group>"; };
		EE543FFE21C8CEC9000C5EE3 /* Info.plist */ = {isa = PBXFileReference; lastKnownFileType = text.plist.xml; path = Info.plist; sourceTree = "<group>"; };
		EE543FFF21C8CEC9000C5EE3 /* main.m */ = {isa = PBXFileReference; lastKnownFileType = sourcecode.c.objc; path = main.m; sourceTree = "<group>"; };
		EEAD5C1F21D756D900FC36CF /* Template.cpp */ = {isa = PBXFileReference; lastKnownFileType = sourcecode.cpp.cpp; path = Template.cpp; sourceTree = "<group>"; };
		EEB501E121FADAF200D79B63 /* Person.h */ = {isa = PBXFileReference; lastKnownFileType = sourcecode.c.h; path = Person.h; sourceTree = "<group>"; };
		EEB501E221FADAF200D79B63 /* Person.m */ = {isa = PBXFileReference; lastKnownFileType = sourcecode.c.objc; path = Person.m; sourceTree = "<group>"; };
		EEB501E521FADEE900D79B63 /* Macro.h */ = {isa = PBXFileReference; lastKnownFileType = sourcecode.c.h; path = Macro.h; sourceTree = "<group>"; };
		EEB501E621FADEE900D79B63 /* Macro.m */ = {isa = PBXFileReference; lastKnownFileType = sourcecode.c.objc; path = Macro.m; sourceTree = "<group>"; };
		EEBD880D2213B74C00B8E930 /* Sort.c */ = {isa = PBXFileReference; lastKnownFileType = sourcecode.c.c; path = Sort.c; sourceTree = "<group>"; };
		EEFCE46C21FE924A00F70589 /* DQListNode.h */ = {isa = PBXFileReference; lastKnownFileType = sourcecode.c.h; path = DQListNode.h; sourceTree = "<group>"; };
		EEFCE46D21FE924A00F70589 /* DQListNode.m */ = {isa = PBXFileReference; lastKnownFileType = sourcecode.c.objc; path = DQListNode.m; sourceTree = "<group>"; };
		EEFCE46F21FE92A700F70589 /* DQLinkList.h */ = {isa = PBXFileReference; lastKnownFileType = sourcecode.c.h; path = DQLinkList.h; sourceTree = "<group>"; };
		EEFCE47021FE92A700F70589 /* DQLinkList.m */ = {isa = PBXFileReference; lastKnownFileType = sourcecode.c.objc; path = DQLinkList.m; sourceTree = "<group>"; };
		EEFCE47321FE99C400F70589 /* DQStack.h */ = {isa = PBXFileReference; lastKnownFileType = sourcecode.c.h; path = DQStack.h; sourceTree = "<group>"; };
		EEFCE47421FE99C400F70589 /* DQStack.m */ = {isa = PBXFileReference; lastKnownFileType = sourcecode.c.objc; path = DQStack.m; sourceTree = "<group>"; };
		EEFCE47921FE9ECE00F70589 /* DQBtree.c */ = {isa = PBXFileReference; lastKnownFileType = sourcecode.c.c; path = DQBtree.c; sourceTree = "<group>"; };
		EEFCE47A21FE9ECE00F70589 /* DQBtree.h */ = {isa = PBXFileReference; lastKnownFileType = sourcecode.c.h; path = DQBtree.h; sourceTree = "<group>"; };
		FD33C6D3D66F5F75280CFAB5 /* Pods-DQObjectCMaster.debug.xcconfig */ = {isa = PBXFileReference; includeInIndex = 1; lastKnownFileType = text.xcconfig; name = "Pods-DQObjectCMaster.debug.xcconfig"; path = "Pods/Target Support Files/Pods-DQObjectCMaster/Pods-DQObjectCMaster.debug.xcconfig"; sourceTree = "<group>"; };
/* End PBXFileReference section */

/* Begin PBXFrameworksBuildPhase section */
		EE543FEA21C8CEC8000C5EE3 /* Frameworks */ = {
			isa = PBXFrameworksBuildPhase;
			buildActionMask = 2147483647;
			files = (
				764E09D18B19B456609D4130 /* Pods_DQObjectCMaster.framework in Frameworks */,
			);
			runOnlyForDeploymentPostprocessing = 0;
		};
/* End PBXFrameworksBuildPhase section */

/* Begin PBXGroup section */
		05F1B76722F9F883129160DA /* Pods */ = {
			isa = PBXGroup;
			children = (
				FD33C6D3D66F5F75280CFAB5 /* Pods-DQObjectCMaster.debug.xcconfig */,
				ED0FA514A915519ADD2AF49C /* Pods-DQObjectCMaster.release.xcconfig */,
			);
			name = Pods;
			sourceTree = "<group>";
		};
		E3219B0DDFFE21B2C865F870 /* Frameworks */ = {
			isa = PBXGroup;
			children = (
				96F32B06F9F48552A62F575F /* Pods_DQObjectCMaster.framework */,
			);
			name = Frameworks;
			sourceTree = "<group>";
		};
		EE543FE421C8CEC8000C5EE3 = {
			isa = PBXGroup;
			children = (
				EE543FEF21C8CEC8000C5EE3 /* DQObjectCMaster */,
				EE543FEE21C8CEC8000C5EE3 /* Products */,
				05F1B76722F9F883129160DA /* Pods */,
				E3219B0DDFFE21B2C865F870 /* Frameworks */,
			);
			sourceTree = "<group>";
		};
		EE543FEE21C8CEC8000C5EE3 /* Products */ = {
			isa = PBXGroup;
			children = (
				EE543FED21C8CEC8000C5EE3 /* DQObjectCMaster.app */,
			);
			name = Products;
			sourceTree = "<group>";
		};
		EE543FEF21C8CEC8000C5EE3 /* DQObjectCMaster */ = {
			isa = PBXGroup;
			children = (
				EEFCE46B21FE917300F70589 /* 数据结构 */,
				EEB501E421FADE8A00D79B63 /* 编译、宏 */,
				EEB501E021FADACE00D79B63 /* 链式 */,
				EEAD5C1E21D755FC00FC36CF /* C++ */,
				EE543FF021C8CEC8000C5EE3 /* AppDelegate.h */,
				EE543FF121C8CEC8000C5EE3 /* AppDelegate.m */,
				EE543FF321C8CEC8000C5EE3 /* ViewController.h */,
				EE543FF421C8CEC8000C5EE3 /* ViewController.m */,
				EE543FF621C8CEC8000C5EE3 /* Main.storyboard */,
				EE543FF921C8CEC9000C5EE3 /* Assets.xcassets */,
				EE543FFB21C8CEC9000C5EE3 /* LaunchScreen.storyboard */,
				EE543FFE21C8CEC9000C5EE3 /* Info.plist */,
				EE543FFF21C8CEC9000C5EE3 /* main.m */,
			);
			path = DQObjectCMaster;
			sourceTree = "<group>";
		};
		EEAD5C1E21D755FC00FC36CF /* C++ */ = {
			isa = PBXGroup;
			children = (
				EEAD5C1F21D756D900FC36CF /* Template.cpp */,
			);
			path = "C++";
			sourceTree = "<group>";
		};
		EEB501E021FADACE00D79B63 /* 链式 */ = {
			isa = PBXGroup;
			children = (
				EEB501E121FADAF200D79B63 /* Person.h */,
				EEB501E221FADAF200D79B63 /* Person.m */,
			);
			path = "链式";
			sourceTree = "<group>";
		};
		EEB501E421FADE8A00D79B63 /* 编译、宏 */ = {
			isa = PBXGroup;
			children = (
				EEB501E521FADEE900D79B63 /* Macro.h */,
				EEB501E621FADEE900D79B63 /* Macro.m */,
			);
			path = "编译、宏";
			sourceTree = "<group>";
		};
		EEFCE46B21FE917300F70589 /* 数据结构 */ = {
			isa = PBXGroup;
			children = (
				EEBD880D2213B74C00B8E930 /* Sort.c */,
				EEFCE47821FE9C3800F70589 /* 二叉树 */,
				EEFCE47721FE9C1100F70589 /* 链表 */,
				EEFCE47221FE99AA00F70589 /* 栈 */,
			);
			path = "数据结构";
			sourceTree = "<group>";
		};
		EEFCE47221FE99AA00F70589 /* 栈 */ = {
			isa = PBXGroup;
			children = (
				EEFCE47321FE99C400F70589 /* DQStack.h */,
				EEFCE47421FE99C400F70589 /* DQStack.m */,
			);
			path = "栈";
			sourceTree = "<group>";
		};
		EEFCE47721FE9C1100F70589 /* 链表 */ = {
			isa = PBXGroup;
			children = (
				EEFCE46C21FE924A00F70589 /* DQListNode.h */,
				EEFCE46D21FE924A00F70589 /* DQListNode.m */,
				EEFCE46F21FE92A700F70589 /* DQLinkList.h */,
				EEFCE47021FE92A700F70589 /* DQLinkList.m */,
			);
			path = "链表";
			sourceTree = "<group>";
		};
		EEFCE47821FE9C3800F70589 /* 二叉树 */ = {
			isa = PBXGroup;
			children = (
				EEFCE47A21FE9ECE00F70589 /* DQBtree.h */,
				EEFCE47921FE9ECE00F70589 /* DQBtree.c */,
			);
			path = "二叉树";
			sourceTree = "<group>";
		};
/* End PBXGroup section */

/* Begin PBXNativeTarget section */
		EE543FEC21C8CEC8000C5EE3 /* DQObjectCMaster */ = {
			isa = PBXNativeTarget;
			buildConfigurationList = EE54400321C8CEC9000C5EE3 /* Build configuration list for PBXNativeTarget "DQObjectCMaster" */;
			buildPhases = (
				D6100912FE573ADBC64A651F /* [CP] Check Pods Manifest.lock */,
				EE543FE921C8CEC8000C5EE3 /* Sources */,
				EE543FEA21C8CEC8000C5EE3 /* Frameworks */,
				EE543FEB21C8CEC8000C5EE3 /* Resources */,
				CDF87EEEEEA2E613D2A708E6 /* [CP] Embed Pods Frameworks */,
			);
			buildRules = (
			);
			dependencies = (
			);
			name = DQObjectCMaster;
			productName = DQObjectCMaster;
			productReference = EE543FED21C8CEC8000C5EE3 /* DQObjectCMaster.app */;
			productType = "com.apple.product-type.application";
		};
/* End PBXNativeTarget section */

/* Begin PBXProject section */
		EE543FE521C8CEC8000C5EE3 /* Project object */ = {
			isa = PBXProject;
			attributes = {
				LastUpgradeCheck = 1010;
				ORGANIZATIONNAME = deqing;
				TargetAttributes = {
					EE543FEC21C8CEC8000C5EE3 = {
						CreatedOnToolsVersion = 10.1;
					};
				};
			};
			buildConfigurationList = EE543FE821C8CEC8000C5EE3 /* Build configuration list for PBXProject "DQObjectCMaster" */;
			compatibilityVersion = "Xcode 9.3";
			developmentRegion = en;
			hasScannedForEncodings = 0;
			knownRegions = (
				en,
				Base,
			);
			mainGroup = EE543FE421C8CEC8000C5EE3;
			productRefGroup = EE543FEE21C8CEC8000C5EE3 /* Products */;
			projectDirPath = "";
			projectRoot = "";
			targets = (
				EE543FEC21C8CEC8000C5EE3 /* DQObjectCMaster */,
			);
		};
/* End PBXProject section */

/* Begin PBXResourcesBuildPhase section */
		EE543FEB21C8CEC8000C5EE3 /* Resources */ = {
			isa = PBXResourcesBuildPhase;
			buildActionMask = 2147483647;
			files = (
				EE543FFD21C8CEC9000C5EE3 /* LaunchScreen.storyboard in Resources */,
				EE543FFA21C8CEC9000C5EE3 /* Assets.xcassets in Resources */,
				EE543FF821C8CEC8000C5EE3 /* Main.storyboard in Resources */,
			);
			runOnlyForDeploymentPostprocessing = 0;
		};
/* End PBXResourcesBuildPhase section */

/* Begin PBXShellScriptBuildPhase section */
		CDF87EEEEEA2E613D2A708E6 /* [CP] Embed Pods Frameworks */ = {
			isa = PBXShellScriptBuildPhase;
			buildActionMask = 2147483647;
			files = (
			);
			inputFileListPaths = (
			);
			inputPaths = (
				"${SRCROOT}/Pods/Target Support Files/Pods-DQObjectCMaster/Pods-DQObjectCMaster-frameworks.sh",
				"${BUILT_PRODUCTS_DIR}/Alamofire/Alamofire.framework",
				"${BUILT_PRODUCTS_DIR}/Dollar/Dollar.framework",
				"${BUILT_PRODUCTS_DIR}/INTULocationManager/INTULocationManager.framework",
				"${BUILT_PRODUCTS_DIR}/KeychainAccess/KeychainAccess.framework",
				"${BUILT_PRODUCTS_DIR}/Kingfisher/Kingfisher.framework",
				"${BUILT_PRODUCTS_DIR}/OMGHTTPURLRQ/OMGHTTPURLRQ.framework",
				"${BUILT_PRODUCTS_DIR}/ObjcExceptionBridging/ObjcExceptionBridging.framework",
				"${BUILT_PRODUCTS_DIR}/ObjectMapper/ObjectMapper.framework",
				"${BUILT_PRODUCTS_DIR}/PromiseKit/PromiseKit.framework",
				"${BUILT_PRODUCTS_DIR}/RxAtomic/RxAtomic.framework",
				"${BUILT_PRODUCTS_DIR}/RxBlocking/RxBlocking.framework",
				"${BUILT_PRODUCTS_DIR}/RxCocoa/RxCocoa.framework",
				"${BUILT_PRODUCTS_DIR}/RxSwift/RxSwift.framework",
				"${BUILT_PRODUCTS_DIR}/SVProgressHUD/SVProgressHUD.framework",
				"${BUILT_PRODUCTS_DIR}/SnapKit/SnapKit.framework",
				"${BUILT_PRODUCTS_DIR}/SwiftyJSON/SwiftyJSON.framework",
				"${BUILT_PRODUCTS_DIR}/TSVoiceConverter/TSVoiceConverter.framework",
				"${BUILT_PRODUCTS_DIR}/TimedSilver/TimedSilver.framework",
				"${BUILT_PRODUCTS_DIR}/UIColor_Hex_Swift/UIColor_Hex_Swift.framework",
				"${BUILT_PRODUCTS_DIR}/XCGLogger/XCGLogger.framework",
				"${BUILT_PRODUCTS_DIR}/YYText/YYText.framework",
			);
			name = "[CP] Embed Pods Frameworks";
			outputFileListPaths = (
			);
			outputPaths = (
				"${TARGET_BUILD_DIR}/${FRAMEWORKS_FOLDER_PATH}/Alamofire.framework",
				"${TARGET_BUILD_DIR}/${FRAMEWORKS_FOLDER_PATH}/Dollar.framework",
				"${TARGET_BUILD_DIR}/${FRAMEWORKS_FOLDER_PATH}/INTULocationManager.framework",
				"${TARGET_BUILD_DIR}/${FRAMEWORKS_FOLDER_PATH}/KeychainAccess.framework",
				"${TARGET_BUILD_DIR}/${FRAMEWORKS_FOLDER_PATH}/Kingfisher.framework",
				"${TARGET_BUILD_DIR}/${FRAMEWORKS_FOLDER_PATH}/OMGHTTPURLRQ.framework",
				"${TARGET_BUILD_DIR}/${FRAMEWORKS_FOLDER_PATH}/ObjcExceptionBridging.framework",
				"${TARGET_BUILD_DIR}/${FRAMEWORKS_FOLDER_PATH}/ObjectMapper.framework",
				"${TARGET_BUILD_DIR}/${FRAMEWORKS_FOLDER_PATH}/PromiseKit.framework",
				"${TARGET_BUILD_DIR}/${FRAMEWORKS_FOLDER_PATH}/RxAtomic.framework",
				"${TARGET_BUILD_DIR}/${FRAMEWORKS_FOLDER_PATH}/RxBlocking.framework",
				"${TARGET_BUILD_DIR}/${FRAMEWORKS_FOLDER_PATH}/RxCocoa.framework",
				"${TARGET_BUILD_DIR}/${FRAMEWORKS_FOLDER_PATH}/RxSwift.framework",
				"${TARGET_BUILD_DIR}/${FRAMEWORKS_FOLDER_PATH}/SVProgressHUD.framework",
				"${TARGET_BUILD_DIR}/${FRAMEWORKS_FOLDER_PATH}/SnapKit.framework",
				"${TARGET_BUILD_DIR}/${FRAMEWORKS_FOLDER_PATH}/SwiftyJSON.framework",
				"${TARGET_BUILD_DIR}/${FRAMEWORKS_FOLDER_PATH}/TSVoiceConverter.framework",
				"${TARGET_BUILD_DIR}/${FRAMEWORKS_FOLDER_PATH}/TimedSilver.framework",
				"${TARGET_BUILD_DIR}/${FRAMEWORKS_FOLDER_PATH}/UIColor_Hex_Swift.framework",
				"${TARGET_BUILD_DIR}/${FRAMEWORKS_FOLDER_PATH}/XCGLogger.framework",
				"${TARGET_BUILD_DIR}/${FRAMEWORKS_FOLDER_PATH}/YYText.framework",
			);
			runOnlyForDeploymentPostprocessing = 0;
			shellPath = /bin/sh;
			shellScript = "\"${SRCROOT}/Pods/Target Support Files/Pods-DQObjectCMaster/Pods-DQObjectCMaster-frameworks.sh\"\n";
			showEnvVarsInLog = 0;
		};
		D6100912FE573ADBC64A651F /* [CP] Check Pods Manifest.lock */ = {
			isa = PBXShellScriptBuildPhase;
			buildActionMask = 2147483647;
			files = (
			);
			inputFileListPaths = (
			);
			inputPaths = (
				"${PODS_PODFILE_DIR_PATH}/Podfile.lock",
				"${PODS_ROOT}/Manifest.lock",
			);
			name = "[CP] Check Pods Manifest.lock";
			outputFileListPaths = (
			);
			outputPaths = (
				"$(DERIVED_FILE_DIR)/Pods-DQObjectCMaster-checkManifestLockResult.txt",
			);
			runOnlyForDeploymentPostprocessing = 0;
			shellPath = /bin/sh;
			shellScript = "diff \"${PODS_PODFILE_DIR_PATH}/Podfile.lock\" \"${PODS_ROOT}/Manifest.lock\" > /dev/null\nif [ $? != 0 ] ; then\n    # print error to STDERR\n    echo \"error: The sandbox is not in sync with the Podfile.lock. Run 'pod install' or update your CocoaPods installation.\" >&2\n    exit 1\nfi\n# This output is used by Xcode 'outputs' to avoid re-running this script phase.\necho \"SUCCESS\" > \"${SCRIPT_OUTPUT_FILE_0}\"\n";
			showEnvVarsInLog = 0;
		};
/* End PBXShellScriptBuildPhase section */

/* Begin PBXSourcesBuildPhase section */
		EE543FE921C8CEC8000C5EE3 /* Sources */ = {
			isa = PBXSourcesBuildPhase;
			buildActionMask = 2147483647;
			files = (
				EEB501E721FADEE900D79B63 /* Macro.m in Sources */,
				EE543FF521C8CEC8000C5EE3 /* ViewController.m in Sources */,
				EEBD880E2213B74C00B8E930 /* Sort.c in Sources */,
				EEAD5C2021D756D900FC36CF /* Template.cpp in Sources */,
				EEFCE47521FE99C400F70589 /* DQStack.m in Sources */,
				EEB501E321FADAF200D79B63 /* Person.m in Sources */,
				EEFCE46E21FE924A00F70589 /* DQListNode.m in Sources */,
				EE54400021C8CEC9000C5EE3 /* main.m in Sources */,
				EEFCE47121FE92A700F70589 /* DQLinkList.m in Sources */,
				EE543FF221C8CEC8000C5EE3 /* AppDelegate.m in Sources */,
				EEFCE47B21FE9ECE00F70589 /* DQBtree.c in Sources */,
			);
			runOnlyForDeploymentPostprocessing = 0;
		};
/* End PBXSourcesBuildPhase section */

/* Begin PBXVariantGroup section */
		EE543FF621C8CEC8000C5EE3 /* Main.storyboard */ = {
			isa = PBXVariantGroup;
			children = (
				EE543FF721C8CEC8000C5EE3 /* Base */,
			);
			name = Main.storyboard;
			sourceTree = "<group>";
		};
		EE543FFB21C8CEC9000C5EE3 /* LaunchScreen.storyboard */ = {
			isa = PBXVariantGroup;
			children = (
				EE543FFC21C8CEC9000C5EE3 /* Base */,
			);
			name = LaunchScreen.storyboard;
			sourceTree = "<group>";
		};
/* End PBXVariantGroup section */

/* Begin XCBuildConfiguration section */
		EE54400121C8CEC9000C5EE3 /* Debug */ = {
			isa = XCBuildConfiguration;
			buildSettings = {
				ALWAYS_SEARCH_USER_PATHS = NO;
				CLANG_ANALYZER_NONNULL = YES;
				CLANG_ANALYZER_NUMBER_OBJECT_CONVERSION = YES_AGGRESSIVE;
				CLANG_CXX_LANGUAGE_STANDARD = "gnu++14";
				CLANG_CXX_LIBRARY = "libc++";
				CLANG_ENABLE_MODULES = YES;
				CLANG_ENABLE_OBJC_ARC = YES;
				CLANG_ENABLE_OBJC_WEAK = YES;
				CLANG_WARN_BLOCK_CAPTURE_AUTORELEASING = YES;
				CLANG_WARN_BOOL_CONVERSION = YES;
				CLANG_WARN_COMMA = YES;
				CLANG_WARN_CONSTANT_CONVERSION = YES;
				CLANG_WARN_DEPRECATED_OBJC_IMPLEMENTATIONS = YES;
				CLANG_WARN_DIRECT_OBJC_ISA_USAGE = YES_ERROR;
				CLANG_WARN_DOCUMENTATION_COMMENTS = YES;
				CLANG_WARN_EMPTY_BODY = YES;
				CLANG_WARN_ENUM_CONVERSION = YES;
				CLANG_WARN_INFINITE_RECURSION = YES;
				CLANG_WARN_INT_CONVERSION = YES;
				CLANG_WARN_NON_LITERAL_NULL_CONVERSION = YES;
				CLANG_WARN_OBJC_IMPLICIT_RETAIN_SELF = YES;
				CLANG_WARN_OBJC_LITERAL_CONVERSION = YES;
				CLANG_WARN_OBJC_ROOT_CLASS = YES_ERROR;
				CLANG_WARN_RANGE_LOOP_ANALYSIS = YES;
				CLANG_WARN_STRICT_PROTOTYPES = YES;
				CLANG_WARN_SUSPICIOUS_MOVE = YES;
				CLANG_WARN_UNGUARDED_AVAILABILITY = YES_AGGRESSIVE;
				CLANG_WARN_UNREACHABLE_CODE = YES;
				CLANG_WARN__DUPLICATE_METHOD_MATCH = YES;
				CODE_SIGN_IDENTITY = "iPhone Developer";
				COPY_PHASE_STRIP = NO;
				DEBUG_INFORMATION_FORMAT = dwarf;
				ENABLE_STRICT_OBJC_MSGSEND = YES;
				ENABLE_TESTABILITY = YES;
				GCC_C_LANGUAGE_STANDARD = gnu11;
				GCC_DYNAMIC_NO_PIC = NO;
				GCC_NO_COMMON_BLOCKS = YES;
				GCC_OPTIMIZATION_LEVEL = 0;
				GCC_PREPROCESSOR_DEFINITIONS = (
					"DEBUG=1",
					"$(inherited)",
				);
				GCC_WARN_64_TO_32_BIT_CONVERSION = YES;
				GCC_WARN_ABOUT_RETURN_TYPE = YES_ERROR;
				GCC_WARN_UNDECLARED_SELECTOR = YES;
				GCC_WARN_UNINITIALIZED_AUTOS = YES_AGGRESSIVE;
				GCC_WARN_UNUSED_FUNCTION = YES;
				GCC_WARN_UNUSED_VARIABLE = YES;
				IPHONEOS_DEPLOYMENT_TARGET = 12.1;
				MTL_ENABLE_DEBUG_INFO = INCLUDE_SOURCE;
				MTL_FAST_MATH = YES;
				ONLY_ACTIVE_ARCH = YES;
				SDKROOT = iphoneos;
			};
			name = Debug;
		};
		EE54400221C8CEC9000C5EE3 /* Release */ = {
			isa = XCBuildConfiguration;
			buildSettings = {
				ALWAYS_SEARCH_USER_PATHS = NO;
				CLANG_ANALYZER_NONNULL = YES;
				CLANG_ANALYZER_NUMBER_OBJECT_CONVERSION = YES_AGGRESSIVE;
				CLANG_CXX_LANGUAGE_STANDARD = "gnu++14";
				CLANG_CXX_LIBRARY = "libc++";
				CLANG_ENABLE_MODULES = YES;
				CLANG_ENABLE_OBJC_ARC = YES;
				CLANG_ENABLE_OBJC_WEAK = YES;
				CLANG_WARN_BLOCK_CAPTURE_AUTORELEASING = YES;
				CLANG_WARN_BOOL_CONVERSION = YES;
				CLANG_WARN_COMMA = YES;
				CLANG_WARN_CONSTANT_CONVERSION = YES;
				CLANG_WARN_DEPRECATED_OBJC_IMPLEMENTATIONS = YES;
				CLANG_WARN_DIRECT_OBJC_ISA_USAGE = YES_ERROR;
				CLANG_WARN_DOCUMENTATION_COMMENTS = YES;
				CLANG_WARN_EMPTY_BODY = YES;
				CLANG_WARN_ENUM_CONVERSION = YES;
				CLANG_WARN_INFINITE_RECURSION = YES;
				CLANG_WARN_INT_CONVERSION = YES;
				CLANG_WARN_NON_LITERAL_NULL_CONVERSION = YES;
				CLANG_WARN_OBJC_IMPLICIT_RETAIN_SELF = YES;
				CLANG_WARN_OBJC_LITERAL_CONVERSION = YES;
				CLANG_WARN_OBJC_ROOT_CLASS = YES_ERROR;
				CLANG_WARN_RANGE_LOOP_ANALYSIS = YES;
				CLANG_WARN_STRICT_PROTOTYPES = YES;
				CLANG_WARN_SUSPICIOUS_MOVE = YES;
				CLANG_WARN_UNGUARDED_AVAILABILITY = YES_AGGRESSIVE;
				CLANG_WARN_UNREACHABLE_CODE = YES;
				CLANG_WARN__DUPLICATE_METHOD_MATCH = YES;
				CODE_SIGN_IDENTITY = "iPhone Developer";
				COPY_PHASE_STRIP = NO;
				DEBUG_INFORMATION_FORMAT = "dwarf-with-dsym";
				ENABLE_NS_ASSERTIONS = NO;
				ENABLE_STRICT_OBJC_MSGSEND = YES;
				GCC_C_LANGUAGE_STANDARD = gnu11;
				GCC_NO_COMMON_BLOCKS = YES;
				GCC_WARN_64_TO_32_BIT_CONVERSION = YES;
				GCC_WARN_ABOUT_RETURN_TYPE = YES_ERROR;
				GCC_WARN_UNDECLARED_SELECTOR = YES;
				GCC_WARN_UNINITIALIZED_AUTOS = YES_AGGRESSIVE;
				GCC_WARN_UNUSED_FUNCTION = YES;
				GCC_WARN_UNUSED_VARIABLE = YES;
				IPHONEOS_DEPLOYMENT_TARGET = 12.1;
				MTL_ENABLE_DEBUG_INFO = NO;
				MTL_FAST_MATH = YES;
				SDKROOT = iphoneos;
				VALIDATE_PRODUCT = YES;
			};
			name = Release;
		};
		EE54400421C8CEC9000C5EE3 /* Debug */ = {
			isa = XCBuildConfiguration;
			baseConfigurationReference = FD33C6D3D66F5F75280CFAB5 /* Pods-DQObjectCMaster.debug.xcconfig */;
			buildSettings = {
				ASSETCATALOG_COMPILER_APPICON_NAME = AppIcon;
				CODE_SIGN_STYLE = Automatic;
				INFOPLIST_FILE = DQObjectCMaster/Info.plist;
				LD_RUNPATH_SEARCH_PATHS = (
					"$(inherited)",
					"@executable_path/Frameworks",
				);
				PRODUCT_BUNDLE_IDENTIFIER = com.deqing.DQObjectCMaster;
				PRODUCT_NAME = "$(TARGET_NAME)";
				TARGETED_DEVICE_FAMILY = "1,2";
			};
			name = Debug;
		};
		EE54400521C8CEC9000C5EE3 /* Release */ = {
			isa = XCBuildConfiguration;
			baseConfigurationReference = ED0FA514A915519ADD2AF49C /* Pods-DQObjectCMaster.release.xcconfig */;
			buildSettings = {
				ASSETCATALOG_COMPILER_APPICON_NAME = AppIcon;
				CODE_SIGN_STYLE = Automatic;
				INFOPLIST_FILE = DQObjectCMaster/Info.plist;
				LD_RUNPATH_SEARCH_PATHS = (
					"$(inherited)",
					"@executable_path/Frameworks",
				);
				PRODUCT_BUNDLE_IDENTIFIER = com.deqing.DQObjectCMaster;
				PRODUCT_NAME = "$(TARGET_NAME)";
				TARGETED_DEVICE_FAMILY = "1,2";
			};
			name = Release;
		};
/* End XCBuildConfiguration section */

/* Begin XCConfigurationList section */
		EE543FE821C8CEC8000C5EE3 /* Build configuration list for PBXProject "DQObjectCMaster" */ = {
			isa = XCConfigurationList;
			buildConfigurations = (
				EE54400121C8CEC9000C5EE3 /* Debug */,
				EE54400221C8CEC9000C5EE3 /* Release */,
			);
			defaultConfigurationIsVisible = 0;
			defaultConfigurationName = Release;
		};
		EE54400321C8CEC9000C5EE3 /* Build configuration list for PBXNativeTarget "DQObjectCMaster" */ = {
			isa = XCConfigurationList;
			buildConfigurations = (
				EE54400421C8CEC9000C5EE3 /* Debug */,
				EE54400521C8CEC9000C5EE3 /* Release */,
			);
			defaultConfigurationIsVisible = 0;
			defaultConfigurationName = Release;
		};
/* End XCConfigurationList section */
	};
	rootObject = EE543FE521C8CEC8000C5EE3 /* Project object */;
}
